
Microsoft Visual Studio Solution File, Format Version 12.00
# Visual Studio Version 17
VisualStudioVersion = 17.0.32112.339
MinimumVisualStudioVersion = 10.0.40219.1
Project("{9A19103F-16F7-4668-BE54-9A1E7A4F7556}") = "Individual", "Individual.csproj", "{31B1988A-7E65-4972-8897-5A9AF8207EF8}"
EndProject
Project("{9A19103F-16F7-4668-BE54-9A1E7A4F7556}") = "Testing", "..\Testing\Testing.csproj", "{1359E0E0-E0A4-4A99-B154-D1D31A2630D9}"
EndProject
Global
	GlobalSection(SolutionConfigurationPlatforms) = preSolution
		Debug|Any CPU = Debug|Any CPU
		Release|Any CPU = Release|Any CPU
	EndGlobalSection
	GlobalSection(ProjectConfigurationPlatforms) = postSolution
		{31B1988A-7E65-4972-8897-5A9AF8207EF8}.Debug|Any CPU.ActiveCfg = Debug|Any CPU
		{31B1988A-7E65-4972-8897-5A9AF8207EF8}.Debug|Any CPU.Build.0 = Debug|Any CPU
		{31B1988A-7E65-4972-8897-5A9AF8207EF8}.Release|Any CPU.ActiveCfg = Release|Any CPU
		{31B1988A-7E65-4972-8897-5A9AF8207EF8}.Release|Any CPU.Build.0 = Release|Any CPU
		{1359E0E0-E0A4-4A99-B154-D1D31A2630D9}.Debug|Any CPU.ActiveCfg = Debug|Any CPU
		{1359E0E0-E0A4-4A99-B154-D1D31A2630D9}.Debug|Any CPU.Build.0 = Debug|Any CPU
		{1359E0E0-E0A4-4A99-B154-D1D31A2630D9}.Release|Any CPU.ActiveCfg = Release|Any CPU
		{1359E0E0-E0A4-4A99-B154-D1D31A2630D9}.Release|Any CPU.Build.0 = Release|Any CPU
	EndGlobalSection
	GlobalSection(SolutionProperties) = preSolution
		HideSolutionNode = FALSE
	EndGlobalSection
	GlobalSection(ExtensibilityGlobals) = postSolution
		SolutionGuid = {0699E053-7880-4B73-92D0-BE451333A7AC}
	EndGlobalSection
EndGlobal
